
Microsoft Visual Studio Solution File, Format Version 12.00
# Visual Studio Version 17
VisualStudioVersion = 17.11.35327.3
MinimumVisualStudioVersion = 10.0.40219.1
Project("{F184B08F-C81C-45F6-A57F-5ABD9991F28F}") = "Manual", "Manual.vbproj", "{3C0006BF-F372-4EB0-8CE4-6850E6C3C418}"
EndProject
Project("{F184B08F-C81C-45F6-A57F-5ABD9991F28F}") = "Controladores", "..\Controladores\Controladores.vbproj", "{B01438C7-AD9A-40F1-AB49-2C67BA756700}"
EndProject
Global
	GlobalSection(SolutionConfigurationPlatforms) = preSolution
		Debug|Any CPU = Debug|Any CPU
		Release|Any CPU = Release|Any CPU
	EndGlobalSection
	GlobalSection(ProjectConfigurationPlatforms) = postSolution
		{3C0006BF-F372-4EB0-8CE4-6850E6C3C418}.Debug|Any CPU.ActiveCfg = Debug|Any CPU
		{3C0006BF-F372-4EB0-8CE4-6850E6C3C418}.Debug|Any CPU.Build.0 = Debug|Any CPU
		{3C0006BF-F372-4EB0-8CE4-6850E6C3C418}.Release|Any CPU.ActiveCfg = Release|Any CPU
		{3C0006BF-F372-4EB0-8CE4-6850E6C3C418}.Release|Any CPU.Build.0 = Release|Any CPU
		{B01438C7-AD9A-40F1-AB49-2C67BA756700}.Debug|Any CPU.ActiveCfg = Debug|Any CPU
		{B01438C7-AD9A-40F1-AB49-2C67BA756700}.Debug|Any CPU.Build.0 = Debug|Any CPU
		{B01438C7-AD9A-40F1-AB49-2C67BA756700}.Release|Any CPU.ActiveCfg = Release|Any CPU
		{B01438C7-AD9A-40F1-AB49-2C67BA756700}.Release|Any CPU.Build.0 = Release|Any CPU
	EndGlobalSection
	GlobalSection(SolutionProperties) = preSolution
		HideSolutionNode = FALSE
	EndGlobalSection
	GlobalSection(ExtensibilityGlobals) = postSolution
		SolutionGuid = {5A7EC36D-B445-4AB2-B8EE-9A058A980AF3}
	EndGlobalSection
EndGlobal
